PATH
  remote: ace-context
  specs:
    ace-context (0.9.0)
      ace-core (~> 0.9.0)

PATH
  remote: ace-core
  specs:
    ace-core (0.9.0)

PATH
  remote: ace-test-runner
  specs:
    ace-test-runner (0.1.0)
      ace-core (~> 0.1)
      ace-test-support (~> 0.1)
      minitest (~> 5.0)
      minitest-reporters (~> 1.6)
      ostruct

PATH
  remote: ace-test-support
  specs:
    ace-test-support (0.9.0)
      minitest (~> 5.20)
      minitest-reporters (~> 1.6)

GEM
  remote: https://rubygems.org/
  specs:
    ansi (1.5.0)
    builder (3.3.0)
    minitest (5.25.5)
    minitest-reporters (1.7.1)
      ansi
      builder
      minitest (>= 5.0)
      ruby-progressbar
    ostruct (0.6.3)
    rake (13.3.0)
    ruby-progressbar (1.13.0)

PLATFORMS
  arm64-darwin-24
  ruby

DEPENDENCIES
  ace-context!
  ace-core!
  ace-test-runner!
  ace-test-support!
  bundler (~> 2.4)
  minitest (~> 5.20)
  minitest-reporters (~> 1.6)
  rake (~> 13.0)

BUNDLED WITH
   2.6.9
