PATH
  remote: ace-assign
  specs:
    ace-assign (0.56.1)
      ace-b36ts (~> 0.14)
      ace-llm (~> 0.39)
      ace-support-cli (~> 0.6)
      ace-support-config (~> 0.18)
      ace-support-core (~> 0.31)
      ace-support-markdown (~> 0.3)
      ace-support-nav (~> 0.28)
      ace-task (~> 0.37)
      ace-tmux (~> 0.17)

PATH
  remote: ace-b36ts
  specs:
    ace-b36ts (0.14.11)
      ace-support-cli (~> 0.6)
      ace-support-config (~> 0.18)
      ace-support-core (~> 0.31)

PATH
  remote: ace-bundle
  specs:
    ace-bundle (0.43.9)
      ace-compressor (~> 0.25)
      ace-git (~> 0.23)
      ace-support-cli (~> 0.6)
      ace-support-config (~> 0.18)
      ace-support-core (~> 0.31)
      ace-support-fs (~> 0.3)
      ace-support-nav (~> 0.28)

PATH
  remote: ace-compressor
  specs:
    ace-compressor (0.25.5)
      ace-support-cli (~> 0.6)
      ace-support-config (~> 0.18)
      ace-support-core (~> 0.31)

PATH
  remote: ace-demo
  specs:
    ace-demo (0.25.10)
      ace-b36ts (~> 0.14)
      ace-support-cli (~> 0.6)
      ace-support-config (~> 0.18)
      ace-support-core (~> 0.31)
      ace-tmux (~> 0.17)

PATH
  remote: ace-docs
  specs:
    ace-docs (0.34.4)
      ace-b36ts (~> 0.14)
      ace-git (~> 0.23)
      ace-llm (~> 0.39)
      ace-support-cli (~> 0.6)
      ace-support-config (~> 0.18)
      ace-support-core (~> 0.31)
      ace-support-markdown (~> 0.3)
      colorize (~> 1.1)
      fileutils (~> 1.8)
      terminal-table (~> 3.0)
      yaml (~> 0.4)

PATH
  remote: ace-git-commit
  specs:
    ace-git-commit (0.26.6)
      ace-git (~> 0.23)
      ace-llm (~> 0.39)
      ace-support-cli (~> 0.6)
      ace-support-config (~> 0.18)
      ace-support-core (~> 0.31)

PATH
  remote: ace-git-secrets
  specs:
    ace-git-secrets (0.15.11)
      ace-b36ts (~> 0.14)
      ace-support-cli (~> 0.6)
      ace-support-config (~> 0.18)
      ace-support-core (~> 0.31)
      faraday (~> 2.14)
      faraday-retry (~> 2.4)

PATH
  remote: ace-git-worktree
  specs:
    ace-git-worktree (0.22.1)
      ace-git (~> 0.23)
      ace-support-cli (~> 0.6)
      ace-support-config (~> 0.18)
      ace-support-core (~> 0.31)
      ace-task (~> 0.37)

PATH
  remote: ace-git
  specs:
    ace-git (0.23.1)
      ace-support-cli (~> 0.6)
      ace-support-config (~> 0.18)
      ace-support-core (~> 0.31)

PATH
  remote: ace-handbook-integration-claude
  specs:
    ace-handbook-integration-claude (0.3.11)
      ace-handbook (~> 0.31)

PATH
  remote: ace-handbook-integration-codex
  specs:
    ace-handbook-integration-codex (0.3.11)
      ace-handbook (~> 0.31)

PATH
  remote: ace-handbook-integration-gemini
  specs:
    ace-handbook-integration-gemini (0.3.10)
      ace-handbook (~> 0.31)

PATH
  remote: ace-handbook-integration-opencode
  specs:
    ace-handbook-integration-opencode (0.3.10)
      ace-handbook (~> 0.31)

PATH
  remote: ace-handbook-integration-pi
  specs:
    ace-handbook-integration-pi (0.3.11)
      ace-handbook (~> 0.31)

PATH
  remote: ace-handbook
  specs:
    ace-handbook (0.31.1)
      ace-support-cli (~> 0.6)
      ace-support-config (~> 0.18)
      ace-support-core (~> 0.31)
      ace-support-nav (~> 0.28)

PATH
  remote: ace-hitl
  specs:
    ace-hitl (0.8.10)
      ace-b36ts (~> 0.14)
      ace-support-cli (~> 0.6)
      ace-support-config (~> 0.18)
      ace-support-core (~> 0.31)
      ace-support-fs (~> 0.3)
      ace-support-items (~> 0.15)

PATH
  remote: ace-idea
  specs:
    ace-idea (0.21.6)
      ace-b36ts (~> 0.14)
      ace-support-cli (~> 0.6)
      ace-support-core (~> 0.31)
      ace-support-fs (~> 0.3)
      ace-support-items (~> 0.15)

PATH
  remote: ace-lint
  specs:
    ace-lint (0.30.10)
      ace-b36ts (~> 0.14)
      ace-support-cli (~> 0.6)
      ace-support-config (~> 0.18)
      ace-support-core (~> 0.31)
      colorize (~> 1.1)
      kramdown (~> 2.5)
      kramdown-parser-gfm (~> 1.1)

PATH
  remote: ace-llm-providers-cli
  specs:
    ace-llm-providers-cli (0.32.4)
      ace-llm (~> 0.39)

PATH
  remote: ace-llm
  specs:
    ace-llm (0.39.1)
      ace-support-cli (~> 0.6)
      ace-support-config (~> 0.18)
      ace-support-core (~> 0.31)
      ace-support-models (~> 0.12)
      addressable (~> 2.9)
      faraday (~> 2.14)
      kramdown (~> 2.5)
      kramdown-parser-gfm (~> 1.1)

PATH
  remote: ace-overseer
  specs:
    ace-overseer (0.15.6)
      ace-assign (~> 0.56)
      ace-git (~> 0.23)
      ace-git-worktree (~> 0.22)
      ace-support-cli (~> 0.6)
      ace-support-config (~> 0.18)
      ace-support-core (~> 0.31)
      ace-support-fs (~> 0.3)
      ace-task (~> 0.37)
      ace-tmux (~> 0.17)

PATH
  remote: ace-prompt-prep
  specs:
    ace-prompt-prep (0.25.10)
      ace-b36ts (~> 0.14)
      ace-bundle (~> 0.43)
      ace-git (~> 0.23)
      ace-llm (~> 0.39)
      ace-support-cli (~> 0.6)
      ace-support-config (~> 0.18)
      ace-support-core (~> 0.31)
      ace-support-nav (~> 0.28)
      ace-task (~> 0.37)

PATH
  remote: ace-retro
  specs:
    ace-retro (0.18.8)
      ace-b36ts (~> 0.14)
      ace-support-cli (~> 0.6)
      ace-support-core (~> 0.31)
      ace-support-fs (~> 0.3)
      ace-support-items (~> 0.15)

PATH
  remote: ace-review
  specs:
    ace-review (0.54.1)
      ace-b36ts (~> 0.14)
      ace-bundle (~> 0.43)
      ace-git (~> 0.23)
      ace-llm (~> 0.39)
      ace-support-cli (~> 0.6)
      ace-support-config (~> 0.18)
      ace-support-core (~> 0.31)
      ace-support-nav (~> 0.28)
      ace-task (~> 0.37)

PATH
  remote: ace-search
  specs:
    ace-search (0.26.6)
      ace-git (~> 0.23)
      ace-support-cli (~> 0.6)
      ace-support-config (~> 0.18)
      ace-support-core (~> 0.31)

PATH
  remote: ace-sim
  specs:
    ace-sim (0.15.8)
      ace-b36ts (~> 0.14)
      ace-support-cli (~> 0.6)
      ace-support-config (~> 0.18)
      ace-support-core (~> 0.31)

PATH
  remote: ace-support-cli
  specs:
    ace-support-cli (0.6.8)

PATH
  remote: ace-support-config
  specs:
    ace-support-config (0.18.1)
      ace-support-fs (~> 0.3)

PATH
  remote: ace-support-core
  specs:
    ace-support-core (0.31.1)
      ace-support-cli (~> 0.6)
      ace-support-config (~> 0.18)
      ace-support-fs (~> 0.3)

PATH
  remote: ace-support-fs
  specs:
    ace-support-fs (0.3.4)

PATH
  remote: ace-support-items
  specs:
    ace-support-items (0.15.13)
      ace-b36ts (~> 0.14)
      ace-support-core (~> 0.31)

PATH
  remote: ace-support-mac-clipboard
  specs:
    ace-support-mac-clipboard (0.3.5)
      ffi (~> 1.17)

PATH
  remote: ace-support-markdown
  specs:
    ace-support-markdown (0.3.6)
      kramdown (~> 2.5)
      kramdown-parser-gfm (~> 1.1)

PATH
  remote: ace-support-models
  specs:
    ace-support-models (0.12.3)
      ace-support-cli (~> 0.6)
      ace-support-core (~> 0.31)
      faraday (~> 2.14)
      faraday-retry (~> 2.4)

PATH
  remote: ace-support-nav
  specs:
    ace-support-nav (0.28.6)
      ace-support-cli (~> 0.6)
      ace-support-config (~> 0.18)
      ace-support-core (~> 0.31)
      ace-support-fs (~> 0.3)

PATH
  remote: ace-support-test-helpers
  specs:
    ace-support-test-helpers (0.14.4)
      minitest (~> 5.20)
      minitest-reporters (~> 1.8)

PATH
  remote: ace-task
  specs:
    ace-task (0.37.4)
      ace-b36ts (~> 0.14)
      ace-git (~> 0.23)
      ace-support-cli (~> 0.6)
      ace-support-core (~> 0.31)
      ace-support-fs (~> 0.3)
      ace-support-items (~> 0.15)
      ace-support-markdown (~> 0.3)

PATH
  remote: ace-test-runner-e2e
  specs:
    ace-test-runner-e2e (0.40.5)
      ace-b36ts (~> 0.14)
      ace-llm (~> 0.39)
      ace-support-cli (~> 0.6)
      ace-support-config (~> 0.18)
      ace-support-core (~> 0.31)
      ace-support-test-helpers (~> 0.14)

PATH
  remote: ace-test-runner
  specs:
    ace-test-runner (0.25.8)
      ace-b36ts (~> 0.14)
      ace-support-cli (~> 0.6)
      ace-support-config (~> 0.18)
      ace-support-core (~> 0.31)
      ace-support-test-helpers (~> 0.14)
      minitest (~> 5.0)
      minitest-reporters (~> 1.8)
      ostruct

PATH
  remote: ace-test
  specs:
    ace-test (0.7.3)

PATH
  remote: ace-tmux
  specs:
    ace-tmux (0.17.5)
      ace-support-cli (~> 0.6)
      ace-support-config (~> 0.18)
      ace-support-core (~> 0.31)
      ace-support-fs (~> 0.3)

GEM
  remote: https://rubygems.org/
  specs:
    addressable (2.9.0)
      public_suffix (>= 2.0.2, < 8.0)
    ansi (1.6.0)
    ast (2.4.3)
    bigdecimal (4.1.2)
    builder (3.3.0)
    colorize (1.1.0)
    crack (1.0.1)
      bigdecimal
      rexml
    docile (1.4.1)
    faraday (2.14.3)
      faraday-net_http (>= 2.0, < 3.5)
      json
      logger
    faraday-net_http (3.4.4)
      net-http (~> 0.5)
    faraday-retry (2.4.0)
      faraday (~> 2.0)
    ffi (1.17.4-aarch64-linux-gnu)
    ffi (1.17.4-arm64-darwin)
    ffi (1.17.4-x86_64-linux-gnu)
    fileutils (1.8.0)
    hashdiff (1.2.1)
    json (2.21.2)
    kramdown (2.5.2)
      rexml (>= 3.4.4)
    kramdown-parser-gfm (1.1.0)
      kramdown (~> 2.0)
    language_server-protocol (3.17.0.6)
    lint_roller (1.1.0)
    logger (1.7.0)
    minitest (5.27.0)
    minitest-reporters (1.8.0)
      ansi
      builder
      minitest (>= 5.0, < 7)
      ruby-progressbar
    net-http (0.9.1)
      uri (>= 0.11.1)
    ostruct (0.6.3)
    parallel (2.1.0)
    parser (3.3.12.0)
      ast (~> 2.4.1)
      racc
    prism (1.9.0)
    public_suffix (7.0.5)
    racc (1.8.1)
    rainbow (3.1.1)
    rake (13.4.2)
    regexp_parser (2.12.0)
    rexml (3.4.4)
    rubocop (1.88.2)
      json (~> 2.3)
      language_server-protocol (~> 3.17.0.2)
      lint_roller (~> 1.1.0)
      parallel (>= 1.10)
      parser (>= 3.3.0.2)
      rainbow (>= 2.2.2, < 4.0)
      regexp_parser (>= 2.9.3, < 3.0)
      rubocop-ast (>= 1.49.0, < 2.0)
      ruby-progressbar (~> 1.7)
      unicode-display_width (>= 2.4.0, < 4.0)
    rubocop-ast (1.50.0)
      parser (>= 3.3.7.2)
      prism (~> 1.7)
    rubocop-performance (1.26.1)
      lint_roller (~> 1.1)
      rubocop (>= 1.75.0, < 2.0)
      rubocop-ast (>= 1.47.1, < 2.0)
    ruby-progressbar (1.13.0)
    simplecov (0.22.0)
      docile (~> 1.1)
      simplecov-html (~> 0.11)
      simplecov_json_formatter (~> 0.1)
    simplecov-html (0.13.2)
    simplecov_json_formatter (0.1.4)
    standard (1.56.0)
      language_server-protocol (~> 3.17.0.2)
      lint_roller (~> 1.0)
      rubocop (~> 1.88.0)
      standard-custom (~> 1.0.0)
      standard-performance (~> 1.8)
    standard-custom (1.0.2)
      lint_roller (~> 1.0)
      rubocop (~> 1.50)
    standard-performance (1.9.0)
      lint_roller (~> 1.1)
      rubocop-performance (~> 1.26.0)
    standardrb (1.0.1)
      standard
    terminal-table (3.0.2)
      unicode-display_width (>= 1.1.1, < 3)
    unicode-display_width (2.6.0)
    uri (1.1.1)
    webmock (3.26.2)
      addressable (>= 2.8.0)
      crack (>= 0.3.2)
      hashdiff (>= 0.4.0, < 2.0.0)
    yaml (0.4.0)

PLATFORMS
  aarch64-linux-gnu
  arm64-darwin-25
  x86_64-linux

DEPENDENCIES
  ace-assign!
  ace-b36ts!
  ace-bundle!
  ace-compressor!
  ace-demo!
  ace-docs!
  ace-git!
  ace-git-commit!
  ace-git-secrets!
  ace-git-worktree!
  ace-handbook!
  ace-handbook-integration-claude!
  ace-handbook-integration-codex!
  ace-handbook-integration-gemini!
  ace-handbook-integration-opencode!
  ace-handbook-integration-pi!
  ace-hitl!
  ace-idea!
  ace-lint!
  ace-llm!
  ace-llm-providers-cli!
  ace-overseer!
  ace-prompt-prep!
  ace-retro!
  ace-review!
  ace-search!
  ace-sim!
  ace-support-cli!
  ace-support-config!
  ace-support-core!
  ace-support-fs!
  ace-support-items!
  ace-support-mac-clipboard!
  ace-support-markdown!
  ace-support-models!
  ace-support-nav!
  ace-support-test-helpers!
  ace-task!
  ace-test!
  ace-test-runner!
  ace-test-runner-e2e!
  ace-tmux!
  bundler (~> 2.4)
  minitest (~> 5.20)
  minitest-reporters (~> 1.8)
  rake (~> 13.0)
  simplecov (~> 0.22)
  standardrb
  webmock (~> 3.19)

BUNDLED WITH
   2.7.2
