PATH
  remote: ace-assign
  specs:
    ace-assign (0.13.4)
      ace-b36ts (~> 0.7)
      ace-llm (~> 0.24)
      ace-support-config (~> 0.7)
      ace-support-core (~> 0.25)
      ace-support-markdown (~> 0.2)
      dry-cli (~> 1.0)

PATH
  remote: ace-b36ts
  specs:
    ace-b36ts (0.7.4)
      ace-support-config (~> 0.7)
      ace-support-core (~> 0.25)
      dry-cli (~> 1.1)

PATH
  remote: ace-bundle
  specs:
    ace-bundle (0.31.5)
      ace-git (~> 0.11)
      ace-support-config (~> 0.7)
      ace-support-core (~> 0.24)
      ace-support-fs (~> 0.2)
      ace-support-nav (~> 0.17)
      dry-cli (~> 1.0)

PATH
  remote: ace-docs
  specs:
    ace-docs (0.21.1)
      ace-b36ts (~> 0.7)
      ace-git (~> 0.10)
      ace-llm (~> 0.24)
      ace-support-config (~> 0.7)
      ace-support-core (~> 0.25)
      ace-support-markdown (~> 0.2)
      colorize (~> 1.1)
      dry-cli (~> 1.0)
      fileutils (~> 1.7)
      terminal-table (~> 3.0)
      yaml (~> 0.3)

PATH
  remote: ace-git-commit
  specs:
    ace-git-commit (0.18.8)
      ace-git (~> 0.11)
      ace-llm (~> 0.23)
      ace-support-config (~> 0.7)
      ace-support-core (~> 0.24)
      dry-cli (~> 1.0)

PATH
  remote: ace-git-secrets
  specs:
    ace-git-secrets (0.7.11)
      ace-b36ts (~> 0.7)
      ace-support-config (~> 0.7)
      ace-support-core (~> 0.25)
      dry-cli (~> 1.0)
      faraday (~> 2.7, >= 2.7.4)
      faraday-retry (~> 2.2)

PATH
  remote: ace-git-worktree
  specs:
    ace-git-worktree (0.13.17)
      ace-git (~> 0.11)
      ace-support-config (~> 0.7)
      ace-support-core (~> 0.24)
      ace-taskflow (~> 0.41)
      dry-cli (~> 1.0)

PATH
  remote: ace-git
  specs:
    ace-git (0.11.12)
      ace-support-config (~> 0.7)
      ace-support-core (~> 0.24)
      dry-cli (~> 1.0)

PATH
  remote: ace-handbook
  specs:
    ace-handbook (0.9.8)

PATH
  remote: ace-integration-claude
  specs:
    ace-integration-claude (0.3.5)

PATH
  remote: ace-lint
  specs:
    ace-lint (0.16.1)
      ace-b36ts (~> 0.7)
      ace-support-config (~> 0.7)
      ace-support-core (~> 0.25)
      colorize (~> 1.1)
      dry-cli (~> 1.0)
      kramdown (~> 2.4)
      kramdown-parser-gfm (~> 1.1)

PATH
  remote: ace-llm-providers-cli
  specs:
    ace-llm-providers-cli (0.19.3)
      ace-llm (~> 0.24)

PATH
  remote: ace-llm
  specs:
    ace-llm (0.24.4)
      ace-support-config (~> 0.7)
      ace-support-core (~> 0.25)
      addressable (~> 2.8)
      dry-cli (~> 1.0)
      faraday (~> 2.0)
      kramdown (~> 2.0)
      kramdown-parser-gfm (~> 1.0)

PATH
  remote: ace-overseer
  specs:
    ace-overseer (0.4.16)
      ace-assign (~> 0.13)
      ace-git (~> 0.10)
      ace-git-worktree (~> 0.13)
      ace-support-config (~> 0.7)
      ace-support-core (~> 0.25)
      ace-taskflow (~> 0.41)
      ace-tmux (~> 0.6)
      dry-cli (~> 1.0)

PATH
  remote: ace-prompt-prep
  specs:
    ace-prompt-prep (0.16.8)
      ace-b36ts (~> 0.7)
      ace-bundle (~> 0.31)
      ace-git (~> 0.11)
      ace-llm (~> 0.23)
      ace-support-config (~> 0.7)
      ace-support-core (~> 0.24)
      ace-support-nav (~> 0.17)
      ace-taskflow (~> 0.41)
      dry-cli (~> 1.0)

PATH
  remote: ace-review
  specs:
    ace-review (0.42.6)
      ace-b36ts (~> 0.7)
      ace-bundle (~> 0.31)
      ace-git (~> 0.11)
      ace-llm (~> 0.23)
      ace-support-config (~> 0.7)
      ace-support-core (~> 0.24)
      ace-support-nav (~> 0.17)
      ace-taskflow (~> 0.41)
      dry-cli (~> 1.0)

PATH
  remote: ace-search
  specs:
    ace-search (0.19.7)
      ace-git (~> 0.10)
      ace-support-config (~> 0.7)
      ace-support-core (~> 0.25)
      dry-cli (~> 1.0)

PATH
  remote: ace-sim
  specs:
    ace-sim (0.4.1)
      ace-b36ts (~> 0.6)
      ace-support-config (~> 0.7)
      ace-support-core (~> 0.25)
      dry-cli (~> 1.0)

PATH
  remote: ace-support-config
  specs:
    ace-support-config (0.7.2)
      ace-support-fs (~> 0.2)

PATH
  remote: ace-support-core
  specs:
    ace-support-core (0.25.0)
      ace-support-config (~> 0.7)
      ace-support-fs (~> 0.2)
      dry-cli (~> 1.0)

PATH
  remote: ace-support-fs
  specs:
    ace-support-fs (0.2.0)

PATH
  remote: ace-support-mac-clipboard
  specs:
    ace-support-mac-clipboard (0.2.1)
      ffi (~> 1.15)

PATH
  remote: ace-support-markdown
  specs:
    ace-support-markdown (0.2.1)
      kramdown (~> 2.4)
      kramdown-parser-gfm (~> 1.1)

PATH
  remote: ace-support-models
  specs:
    ace-support-models (0.6.2)
      ace-support-core (~> 0.25)
      dry-cli (~> 1.1)
      faraday (~> 2.0)
      faraday-retry (~> 2.0)

PATH
  remote: ace-support-nav
  specs:
    ace-support-nav (0.17.10)
      ace-support-config (~> 0.7)
      ace-support-core (~> 0.25)
      ace-support-fs (~> 0.2)
      dry-cli (~> 1.0)

PATH
  remote: ace-support-test-helpers
  specs:
    ace-support-test-helpers (0.12.2)
      minitest (~> 5.20)
      minitest-reporters (~> 1.6)

PATH
  remote: ace-taskflow
  specs:
    ace-taskflow (0.42.11)
      ace-b36ts (~> 0.7)
      ace-git (~> 0.10)
      ace-llm (~> 0.24)
      ace-support-config (~> 0.7)
      ace-support-core (~> 0.25)
      ace-support-mac-clipboard (~> 0.2)
      ace-support-markdown (~> 0.2)
      clipboard (~> 1.3)
      dry-cli (~> 1.0)

PATH
  remote: ace-test-runner-e2e
  specs:
    ace-test-runner-e2e (0.20.5)
      ace-b36ts (~> 0.7)
      ace-llm (~> 0.24)
      ace-support-config (~> 0.7)
      ace-support-core (~> 0.25)
      dry-cli (~> 1.0)

PATH
  remote: ace-test-runner
  specs:
    ace-test-runner (0.15.8)
      ace-b36ts (~> 0.7)
      ace-support-config (~> 0.7)
      ace-support-core (~> 0.25)
      ace-support-test-helpers (~> 0.12)
      dry-cli (~> 1.0)
      minitest (~> 5.0)
      minitest-reporters (~> 1.6)
      ostruct

PATH
  remote: ace-test
  specs:
    ace-test (0.2.1)

PATH
  remote: ace-tmux
  specs:
    ace-tmux (0.6.1)
      ace-support-config (~> 0.7)
      ace-support-core (~> 0.25)
      ace-support-fs (~> 0.2)
      dry-cli (~> 1.0)

GEM
  remote: https://rubygems.org/
  specs:
    addressable (2.8.8)
      public_suffix (>= 2.0.2, < 8.0)
    ansi (1.5.0)
    ast (2.4.3)
    bigdecimal (4.0.1)
    builder (3.3.0)
    clipboard (1.4.1)
    colorize (1.1.0)
    crack (1.0.1)
      bigdecimal
      rexml
    docile (1.4.1)
    dry-cli (1.4.1)
    faraday (2.14.1)
      faraday-net_http (>= 2.0, < 3.5)
      json
      logger
    faraday-net_http (3.4.2)
      net-http (~> 0.5)
    faraday-retry (2.4.0)
      faraday (~> 2.0)
    ffi (1.17.3-aarch64-linux-gnu)
    ffi (1.17.3-arm64-darwin)
    fileutils (1.8.0)
    hashdiff (1.2.1)
    json (2.18.1)
    kramdown (2.5.2)
      rexml (>= 3.4.4)
    kramdown-parser-gfm (1.1.0)
      kramdown (~> 2.0)
    language_server-protocol (3.17.0.5)
    lint_roller (1.1.0)
    logger (1.7.0)
    minitest (5.27.0)
    minitest-reporters (1.7.1)
      ansi
      builder
      minitest (>= 5.0)
      ruby-progressbar
    net-http (0.9.1)
      uri (>= 0.11.1)
    ostruct (0.6.3)
    parallel (1.27.0)
    parser (3.3.10.1)
      ast (~> 2.4.1)
      racc
    prism (1.9.0)
    public_suffix (7.0.2)
    racc (1.8.1)
    rainbow (3.1.1)
    rake (13.3.1)
    regexp_parser (2.11.3)
    rexml (3.4.4)
    rubocop (1.84.2)
      json (~> 2.3)
      language_server-protocol (~> 3.17.0.2)
      lint_roller (~> 1.1.0)
      parallel (~> 1.10)
      parser (>= 3.3.0.2)
      rainbow (>= 2.2.2, < 4.0)
      regexp_parser (>= 2.9.3, < 3.0)
      rubocop-ast (>= 1.49.0, < 2.0)
      ruby-progressbar (~> 1.7)
      unicode-display_width (>= 2.4.0, < 4.0)
    rubocop-ast (1.49.0)
      parser (>= 3.3.7.2)
      prism (~> 1.7)
    rubocop-performance (1.26.1)
      lint_roller (~> 1.1)
      rubocop (>= 1.75.0, < 2.0)
      rubocop-ast (>= 1.47.1, < 2.0)
    ruby-progressbar (1.13.0)
    simplecov (0.22.0)
      docile (~> 1.1)
      simplecov-html (~> 0.11)
      simplecov_json_formatter (~> 0.1)
    simplecov-html (0.13.2)
    simplecov_json_formatter (0.1.4)
    standard (1.54.0)
      language_server-protocol (~> 3.17.0.2)
      lint_roller (~> 1.0)
      rubocop (~> 1.84.0)
      standard-custom (~> 1.0.0)
      standard-performance (~> 1.8)
    standard-custom (1.0.2)
      lint_roller (~> 1.0)
      rubocop (~> 1.50)
    standard-performance (1.9.0)
      lint_roller (~> 1.1)
      rubocop-performance (~> 1.26.0)
    standardrb (1.0.1)
      standard
    terminal-table (3.0.2)
      unicode-display_width (>= 1.1.1, < 3)
    unicode-display_width (2.6.0)
    uri (1.1.1)
    webmock (3.26.1)
      addressable (>= 2.8.0)
      crack (>= 0.3.2)
      hashdiff (>= 0.4.0, < 2.0.0)
    yaml (0.4.0)

PLATFORMS
  aarch64-linux-gnu
  arm64-darwin-25

DEPENDENCIES
  ace-assign!
  ace-b36ts!
  ace-bundle!
  ace-docs!
  ace-git!
  ace-git-commit!
  ace-git-secrets!
  ace-git-worktree!
  ace-handbook!
  ace-integration-claude!
  ace-lint!
  ace-llm!
  ace-llm-providers-cli!
  ace-overseer!
  ace-prompt-prep!
  ace-review!
  ace-search!
  ace-sim!
  ace-support-config!
  ace-support-core!
  ace-support-fs!
  ace-support-mac-clipboard!
  ace-support-markdown!
  ace-support-models!
  ace-support-nav!
  ace-support-test-helpers!
  ace-taskflow!
  ace-test!
  ace-test-runner!
  ace-test-runner-e2e!
  ace-tmux!
  bundler (~> 2.4)
  minitest (~> 5.20)
  minitest-reporters (~> 1.6)
  rake (~> 13.0)
  simplecov (~> 0.22)
  standardrb
  webmock (~> 3.19)

BUNDLED WITH
   2.7.2
